{
  "name": "duygu_duzenleme",
  "lockfileVersion": 3,
  "requires": true,
  "packages": {
    "": {
      "dependencies": {
        "jose": "^5.7.0"
      }
    },
    "node_modules/jose": {
      "version": "5.7.0",
      "resolved": "https://registry.npmjs.org/jose/-/jose-5.7.0.tgz",
      "integrity": "sha512-3P9qfTYDVnNn642LCAqIKbTGb9a1TBxZ9ti5zEVEr48aDdflgRjhspWFb6WM4PzAfFbGMJYC4+803v8riCRAKw==",
      "funding": {
        "url": "https://github.com/sponsors/panva"
      }
    }
  }
}
